
Microsoft Visual Studio Solution File, Format Version 12.00
# Visual Studio Version 17
VisualStudioVersion = 17.8.34511.84
MinimumVisualStudioVersion = 10.0.40219.1
Project("{FAE04EC0-301F-11D3-BF4B-00C04F79EFBC}") = "WebApi", "WebApi\WebApi.csproj", "{93F876F0-66EF-4867-A9D4-DE056B598A44}"
EndProject
Global
	GlobalSection(SolutionConfigurationPlatforms) = preSolution
		Debug|Any CPU = Debug|Any CPU
		Release|Any CPU = Release|Any CPU
	EndGlobalSection
	GlobalSection(ProjectConfigurationPlatforms) = postSolution
		{93F876F0-66EF-4867-A9D4-DE056B598A44}.Debug|Any CPU.ActiveCfg = Debug|Any CPU
		{93F876F0-66EF-4867-A9D4-DE056B598A44}.Debug|Any CPU.Build.0 = Debug|Any CPU
		{93F876F0-66EF-4867-A9D4-DE056B598A44}.Release|Any CPU.ActiveCfg = Release|Any CPU
		{93F876F0-66EF-4867-A9D4-DE056B598A44}.Release|Any CPU.Build.0 = Release|Any CPU
	EndGlobalSection
	GlobalSection(SolutionProperties) = preSolution
		HideSolutionNode = FALSE
	EndGlobalSection
	GlobalSection(ExtensibilityGlobals) = postSolution
		SolutionGuid = {AD8F2622-44B5-47CC-BD97-AD08ABCE91A7}
	EndGlobalSection
EndGlobal
